{
  "version": 4,
  "terraform_version": "1.0.1",
  "serial": 5,
  "lineage": "849b8294-a0e6-a94f-47e2-b417f59779c6",
  "outputs": {
    "network_name": {
      "value": "vault-test-network",
      "type": "string"
    },
    "network_self_link": {
      "value": "https://www.googleapis.com/compute/v1/projects/tfc-sip-01/global/networks/vault-test-network",
      "type": "string"
    },
    "project": {
      "value": "tfc-sip-01",
      "type": "string"
    },
    "route_names": {
      "value": [],
      "type": [
        "tuple",
        []
      ]
    },
    "subnets_flow_logs": {
      "value": [
        false
      ],
      "type": [
        "tuple",
        [
          "bool"
        ]
      ]
    },
    "subnets_ips": {
      "value": [
        "10.10.10.0/24"
      ],
      "type": [
        "tuple",
        [
          "string"
        ]
      ]
    },
    "subnets_names": {
      "value": [
        "subnet-01"
      ],
      "type": [
        "tuple",
        [
          "string"
        ]
      ]
    },
    "subnets_private_access": {
      "value": [
        false
      ],
      "type": [
        "tuple",
        [
          "bool"
        ]
      ]
    },
    "subnets_regions": {
      "value": [
        "us-west1"
      ],
      "type": [
        "tuple",
        [
          "string"
        ]
      ]
    },
    "subnets_secondary_ranges": {
      "value": [
        []
      ],
      "type": [
        "tuple",
        [
          [
            "list",
            [
              "object",
              {
                "ip_cidr_range": "string",
                "range_name": "string"
              }
            ]
          ]
        ]
      ]
    },
    "subnetwork": {
      "value": "https://www.googleapis.com/compute/v1/projects/tfc-sip-01/regions/us-west1/subnetworks/subnet-01",
      "type": "string"
    }
  },
  "resources": [
    {
      "mode": "managed",
      "type": "google_compute_router",
      "name": "vault_router",
      "provider": "provider[\"registry.terraform.io/hashicorp/google\"]",
      "instances": [
        {
          "schema_version": 0,
          "attributes": {
            "bgp": [],
            "creation_timestamp": "2022-04-26T14:17:07.314-07:00",
            "description": "",
            "id": "projects/tfc-sip-01/regions/us-west1/routers/vault-router",
            "name": "vault-router",
            "network": "https://www.googleapis.com/compute/v1/projects/tfc-sip-01/global/networks/vault-test-network",
            "project": "tfc-sip-01",
            "region": "us-west1",
            "self_link": "https://www.googleapis.com/compute/v1/projects/tfc-sip-01/regions/us-west1/routers/vault-router",
            "timeouts": null
          },
          "sensitive_attributes": [],
          "private": "eyJlMmJmYjczMC1lY2FhLTExZTYtOGY4OC0zNDM2M2JjN2M0YzAiOnsiY3JlYXRlIjoyNDAwMDAwMDAwMDAsImRlbGV0ZSI6MjQwMDAwMDAwMDAwLCJ1cGRhdGUiOjI0MDAwMDAwMDAwMH19",
          "dependencies": [
            "module.test_vpc_module.module.vpc.google_compute_network.network"
          ]
        }
      ]
    },
    {
      "mode": "managed",
      "type": "google_compute_router_nat",
      "name": "vault_nat",
      "provider": "provider[\"registry.terraform.io/hashicorp/google\"]",
      "instances": [
        {
          "schema_version": 0,
          "attributes": {
            "drain_nat_ips": null,
            "enable_endpoint_independent_mapping": true,
            "icmp_idle_timeout_sec": 30,
            "id": "tfc-sip-01/us-west1/vault-router/vault-nat-1",
            "log_config": [
              {
                "enable": true,
                "filter": "ERRORS_ONLY"
              }
            ],
            "min_ports_per_vm": 0,
            "name": "vault-nat-1",
            "nat_ip_allocate_option": "AUTO_ONLY",
            "nat_ips": null,
            "project": "tfc-sip-01",
            "region": "us-west1",
            "router": "vault-router",
            "source_subnetwork_ip_ranges_to_nat": "ALL_SUBNETWORKS_ALL_IP_RANGES",
            "subnetwork": [],
            "tcp_established_idle_timeout_sec": 1200,
            "tcp_transitory_idle_timeout_sec": 30,
            "timeouts": null,
            "udp_idle_timeout_sec": 30
          },
          "sensitive_attributes": [],
          "private": "eyJlMmJmYjczMC1lY2FhLTExZTYtOGY4OC0zNDM2M2JjN2M0YzAiOnsiY3JlYXRlIjo2MDAwMDAwMDAwMDAsImRlbGV0ZSI6NjAwMDAwMDAwMDAwLCJ1cGRhdGUiOjYwMDAwMDAwMDAwMH19",
          "dependencies": [
            "google_compute_router.vault_router",
            "module.test_vpc_module.module.vpc.google_compute_network.network"
          ]
        }
      ]
    },
    {
      "module": "module.test_vpc_module.module.subnets",
      "mode": "managed",
      "type": "google_compute_subnetwork",
      "name": "subnetwork",
      "provider": "provider[\"registry.terraform.io/hashicorp/google\"]",
      "instances": [
        {
          "index_key": "us-west1/subnet-01",
          "schema_version": 0,
          "attributes": {
            "creation_timestamp": "2022-04-26T14:17:07.706-07:00",
            "description": "",
            "external_ipv6_prefix": "",
            "fingerprint": null,
            "gateway_address": "10.10.10.1",
            "id": "projects/tfc-sip-01/regions/us-west1/subnetworks/subnet-01",
            "ip_cidr_range": "10.10.10.0/24",
            "ipv6_access_type": "",
            "ipv6_cidr_range": "",
            "log_config": [],
            "name": "subnet-01",
            "network": "https://www.googleapis.com/compute/v1/projects/tfc-sip-01/global/networks/vault-test-network",
            "private_ip_google_access": false,
            "private_ipv6_google_access": "DISABLE_GOOGLE_ACCESS",
            "project": "tfc-sip-01",
            "purpose": "PRIVATE",
            "region": "us-west1",
            "role": "",
            "secondary_ip_range": [],
            "self_link": "https://www.googleapis.com/compute/v1/projects/tfc-sip-01/regions/us-west1/subnetworks/subnet-01",
            "stack_type": "IPV4_ONLY",
            "timeouts": null
          },
          "sensitive_attributes": [],
          "private": "eyJlMmJmYjczMC1lY2FhLTExZTYtOGY4OC0zNDM2M2JjN2M0YzAiOnsiY3JlYXRlIjozNjAwMDAwMDAwMDAsImRlbGV0ZSI6MzYwMDAwMDAwMDAwLCJ1cGRhdGUiOjM2MDAwMDAwMDAwMH19",
          "dependencies": [
            "module.test_vpc_module.module.vpc.google_compute_network.network"
          ]
        }
      ]
    },
    {
      "module": "module.test_vpc_module.module.vpc",
      "mode": "managed",
      "type": "google_compute_network",
      "name": "network",
      "provider": "provider[\"registry.terraform.io/hashicorp/google\"]",
      "instances": [
        {
          "schema_version": 0,
          "attributes": {
            "auto_create_subnetworks": false,
            "delete_default_routes_on_create": false,
            "description": "",
            "gateway_ipv4": "",
            "id": "projects/tfc-sip-01/global/networks/vault-test-network",
            "mtu": 0,
            "name": "vault-test-network",
            "project": "tfc-sip-01",
            "routing_mode": "GLOBAL",
            "self_link": "https://www.googleapis.com/compute/v1/projects/tfc-sip-01/global/networks/vault-test-network",
            "timeouts": null
          },
          "sensitive_attributes": [],
          "private": "eyJlMmJmYjczMC1lY2FhLTExZTYtOGY4OC0zNDM2M2JjN2M0YzAiOnsiY3JlYXRlIjoyNDAwMDAwMDAwMDAsImRlbGV0ZSI6MjQwMDAwMDAwMDAwLCJ1cGRhdGUiOjI0MDAwMDAwMDAwMH19"
        }
      ]
    }
  ]
}
